
Microsoft Visual Studio Solution File, Format Version 12.00
# Visual Studio Version 17
VisualStudioVersion = 17.7.34031.279
MinimumVisualStudioVersion = 10.0.40219.1
Project("{FAE04EC0-301F-11D3-BF4B-00C04F79EFBC}") = "StajProje3", "StajProje3\StajProje3.csproj", "{A1B8A647-12BC-41FF-8DE9-E46614C07F27}"
EndProject
Global
	GlobalSection(SolutionConfigurationPlatforms) = preSolution
		Debug|Any CPU = Debug|Any CPU
		Release|Any CPU = Release|Any CPU
	EndGlobalSection
	GlobalSection(ProjectConfigurationPlatforms) = postSolution
		{A1B8A647-12BC-41FF-8DE9-E46614C07F27}.Debug|Any CPU.ActiveCfg = Debug|Any CPU
		{A1B8A647-12BC-41FF-8DE9-E46614C07F27}.Debug|Any CPU.Build.0 = Debug|Any CPU
		{A1B8A647-12BC-41FF-8DE9-E46614C07F27}.Release|Any CPU.ActiveCfg = Release|Any CPU
		{A1B8A647-12BC-41FF-8DE9-E46614C07F27}.Release|Any CPU.Build.0 = Release|Any CPU
	EndGlobalSection
	GlobalSection(SolutionProperties) = preSolution
		HideSolutionNode = FALSE
	EndGlobalSection
	GlobalSection(ExtensibilityGlobals) = postSolution
		SolutionGuid = {53D599D4-0C3B-4EEB-8EB7-B3CD48CEB736}
	EndGlobalSection
EndGlobal
